
Microsoft Visual Studio Solution File, Format Version 12.00
# Visual Studio 15
VisualStudioVersion = 15.0.26430.15
MinimumVisualStudioVersion = 10.0.40219.1
Project("{FAE04EC0-301F-11D3-BF4B-00C04F79EFBC}") = "JaggedArrayBubbleSort", "JaggedArrayBubbleSort\JaggedArrayBubbleSort.csproj", "{1B94E759-4D34-458D-ACCD-0A4A23553EBE}"
EndProject
Project("{FAE04EC0-301F-11D3-BF4B-00C04F79EFBC}") = "JaggedArrayBubbleSort.Tests", "JaggedArrayBubbleSort.Tests\JaggedArrayBubbleSort.Tests.csproj", "{61AF6485-85FA-4905-BBAA-CC0BD779C1E9}"
EndProject
Global
	GlobalSection(SolutionConfigurationPlatforms) = preSolution
		Debug|Any CPU = Debug|Any CPU
		Release|Any CPU = Release|Any CPU
	EndGlobalSection
	GlobalSection(ProjectConfigurationPlatforms) = postSolution
		{1B94E759-4D34-458D-ACCD-0A4A23553EBE}.Debug|Any CPU.ActiveCfg = Debug|Any CPU
		{1B94E759-4D34-458D-ACCD-0A4A23553EBE}.Debug|Any CPU.Build.0 = Debug|Any CPU
		{1B94E759-4D34-458D-ACCD-0A4A23553EBE}.Release|Any CPU.ActiveCfg = Release|Any CPU
		{1B94E759-4D34-458D-ACCD-0A4A23553EBE}.Release|Any CPU.Build.0 = Release|Any CPU
		{61AF6485-85FA-4905-BBAA-CC0BD779C1E9}.Debug|Any CPU.ActiveCfg = Debug|Any CPU
		{61AF6485-85FA-4905-BBAA-CC0BD779C1E9}.Debug|Any CPU.Build.0 = Debug|Any CPU
		{61AF6485-85FA-4905-BBAA-CC0BD779C1E9}.Release|Any CPU.ActiveCfg = Release|Any CPU
		{61AF6485-85FA-4905-BBAA-CC0BD779C1E9}.Release|Any CPU.Build.0 = Release|Any CPU
	EndGlobalSection
	GlobalSection(SolutionProperties) = preSolution
		HideSolutionNode = FALSE
	EndGlobalSection
EndGlobal
